# Ported from Nuclear 14 (https://github.com/Vault-Overseers/nuclear-14) via Misfits (https://github.com/Misfit-Sanctuary/nuclear-14):
# Resources/Prototypes/_Nuclear14/Entities/Objects/Weapons/Guns/Ammunition/Magazines/_Misfits/glock.yml

- type: entity
  id: N14MagGlock
  name: glock magazine
  parent: BaseItem
  components:
  - type: Tag
    tags:
      - MagazineMagnum
  - type: BallisticAmmoProvider
    mayTransfer: true
    whitelist:
      tags:
        - CartridgeMagnum
    proto: N14CartridgeGlock45
    capacity: 15
  - type: ContainerContainer
    containers:
      ballistic-ammo: !type:Container
  - type: Sprite
    netsync: false
    sprite: Nuclear14/Objects/Weapons/Guns/Ammunition/Magazines/44/pistolmag.rsi
    layers:
    - state: base
      map: ["enum.GunVisualLayers.Base"]
    - state: mag-1
      map: ["enum.GunVisualLayers.Mag"]
  - type: MagazineVisuals
    magState: mag
    steps: 2
    zeroVisible: false
  - type: Appearance
